
Microsoft Visual Studio Solution File, Format Version 12.00
# Visual Studio Version 17
VisualStudioVersion = 17.10.35027.167
MinimumVisualStudioVersion = 10.0.40219.1
Project("{FAE04EC0-301F-11D3-BF4B-00C04F79EFBC}") = "TraceabilityV3", "TraceabilityV3.csproj", "{C3DA9C84-5CA1-4811-B52C-D96D025371BD}"
EndProject
Project("{FAE04EC0-301F-11D3-BF4B-00C04F79EFBC}") = "Traceability_Win", "..\Traceability_Win\Traceability_Win.csproj", "{744D871C-EA7B-415D-9DF7-EB0EE81542DE}"
EndProject
Project("{FAE04EC0-301F-11D3-BF4B-00C04F79EFBC}") = "Traceability_Central", "..\Traceability_Central\Traceability_Central.csproj", "{2F4492F4-0C42-40E3-BEAD-DE8425EC7BB2}"
EndProject
Project("{FAE04EC0-301F-11D3-BF4B-00C04F79EFBC}") = "TraceabilityAppAPI", "..\TraceabilityAppAPI\TraceabilityAppAPI.csproj", "{60A1CAC9-8F3C-42D7-9CB0-B638EC40426D}"
EndProject
Global
	GlobalSection(SolutionConfigurationPlatforms) = preSolution
		Debug|Any CPU = Debug|Any CPU
		Release|Any CPU = Release|Any CPU
	EndGlobalSection
	GlobalSection(ProjectConfigurationPlatforms) = postSolution
		{C3DA9C84-5CA1-4811-B52C-D96D025371BD}.Debug|Any CPU.ActiveCfg = Debug|Any CPU
		{C3DA9C84-5CA1-4811-B52C-D96D025371BD}.Debug|Any CPU.Build.0 = Debug|Any CPU
		{C3DA9C84-5CA1-4811-B52C-D96D025371BD}.Release|Any CPU.ActiveCfg = Release|Any CPU
		{C3DA9C84-5CA1-4811-B52C-D96D025371BD}.Release|Any CPU.Build.0 = Release|Any CPU
		{744D871C-EA7B-415D-9DF7-EB0EE81542DE}.Debug|Any CPU.ActiveCfg = Debug|Any CPU
		{744D871C-EA7B-415D-9DF7-EB0EE81542DE}.Debug|Any CPU.Build.0 = Debug|Any CPU
		{744D871C-EA7B-415D-9DF7-EB0EE81542DE}.Release|Any CPU.ActiveCfg = Release|Any CPU
		{744D871C-EA7B-415D-9DF7-EB0EE81542DE}.Release|Any CPU.Build.0 = Release|Any CPU
		{2F4492F4-0C42-40E3-BEAD-DE8425EC7BB2}.Debug|Any CPU.ActiveCfg = Debug|Any CPU
		{2F4492F4-0C42-40E3-BEAD-DE8425EC7BB2}.Debug|Any CPU.Build.0 = Debug|Any CPU
		{2F4492F4-0C42-40E3-BEAD-DE8425EC7BB2}.Release|Any CPU.ActiveCfg = Release|Any CPU
		{2F4492F4-0C42-40E3-BEAD-DE8425EC7BB2}.Release|Any CPU.Build.0 = Release|Any CPU
		{60A1CAC9-8F3C-42D7-9CB0-B638EC40426D}.Debug|Any CPU.ActiveCfg = Debug|Any CPU
		{60A1CAC9-8F3C-42D7-9CB0-B638EC40426D}.Debug|Any CPU.Build.0 = Debug|Any CPU
		{60A1CAC9-8F3C-42D7-9CB0-B638EC40426D}.Release|Any CPU.ActiveCfg = Release|Any CPU
		{60A1CAC9-8F3C-42D7-9CB0-B638EC40426D}.Release|Any CPU.Build.0 = Release|Any CPU
	EndGlobalSection
	GlobalSection(SolutionProperties) = preSolution
		HideSolutionNode = FALSE
	EndGlobalSection
	GlobalSection(ExtensibilityGlobals) = postSolution
		SolutionGuid = {770BAB7F-48F1-418F-A27D-88DF00DE3EEE}
	EndGlobalSection
EndGlobal
